
Microsoft Visual Studio Solution File, Format Version 12.00
# Visual Studio Version 16
VisualStudioVersion = 16.0.29230.47
MinimumVisualStudioVersion = 10.0.40219.1
Project("{8BC9CEB8-8B4A-11D0-8D11-00A0C91BC942}") = "hw08", "hw08\hw08.vcxproj", "{847B6FE2-3D4D-4368-B1DC-5B783F19B829}"
EndProject
Global
	GlobalSection(SolutionConfigurationPlatforms) = preSolution
		Debug|x64 = Debug|x64
		Debug|x86 = Debug|x86
		Release|x64 = Release|x64
		Release|x86 = Release|x86
	EndGlobalSection
	GlobalSection(ProjectConfigurationPlatforms) = postSolution
		{847B6FE2-3D4D-4368-B1DC-5B783F19B829}.Debug|x64.ActiveCfg = Debug|x64
		{847B6FE2-3D4D-4368-B1DC-5B783F19B829}.Debug|x64.Build.0 = Debug|x64
		{847B6FE2-3D4D-4368-B1DC-5B783F19B829}.Debug|x86.ActiveCfg = Debug|Win32
		{847B6FE2-3D4D-4368-B1DC-5B783F19B829}.Debug|x86.Build.0 = Debug|Win32
		{847B6FE2-3D4D-4368-B1DC-5B783F19B829}.Release|x64.ActiveCfg = Release|x64
		{847B6FE2-3D4D-4368-B1DC-5B783F19B829}.Release|x64.Build.0 = Release|x64
		{847B6FE2-3D4D-4368-B1DC-5B783F19B829}.Release|x86.ActiveCfg = Release|Win32
		{847B6FE2-3D4D-4368-B1DC-5B783F19B829}.Release|x86.Build.0 = Release|Win32
	EndGlobalSection
	GlobalSection(SolutionProperties) = preSolution
		HideSolutionNode = FALSE
	EndGlobalSection
	GlobalSection(ExtensibilityGlobals) = postSolution
		SolutionGuid = {930C36D2-B2FF-4D46-B97E-207D0768E893}
	EndGlobalSection
EndGlobal
